
Microsoft Visual Studio Solution File, Format Version 12.00
# Visual Studio 15
VisualStudioVersion = 15.0.28307.572
MinimumVisualStudioVersion = 10.0.40219.1
Project("{FAE04EC0-301F-11D3-BF4B-00C04F79EFBC}") = "DndJournalAPI", "DndJournalAPI\DndJournalAPI.csproj", "{944D2C7E-EF9C-4519-B45D-63EB92696EBD}"
EndProject
Global
	GlobalSection(SolutionConfigurationPlatforms) = preSolution
		Debug|Any CPU = Debug|Any CPU
		Release|Any CPU = Release|Any CPU
	EndGlobalSection
	GlobalSection(ProjectConfigurationPlatforms) = postSolution
		{944D2C7E-EF9C-4519-B45D-63EB92696EBD}.Debug|Any CPU.ActiveCfg = Debug|Any CPU
		{944D2C7E-EF9C-4519-B45D-63EB92696EBD}.Debug|Any CPU.Build.0 = Debug|Any CPU
		{944D2C7E-EF9C-4519-B45D-63EB92696EBD}.Release|Any CPU.ActiveCfg = Release|Any CPU
		{944D2C7E-EF9C-4519-B45D-63EB92696EBD}.Release|Any CPU.Build.0 = Release|Any CPU
	EndGlobalSection
	GlobalSection(SolutionProperties) = preSolution
		HideSolutionNode = FALSE
	EndGlobalSection
	GlobalSection(ExtensibilityGlobals) = postSolution
		SolutionGuid = {9005C3E9-53EF-45B1-9C3C-CDCDACE18712}
	EndGlobalSection
EndGlobal
